{
  "name": "nanoid-good",
  "version": "1.0.0",
  "lockfileVersion": 1,
  "requires": true,
  "dependencies": {
    "bad-words": {
      "version": "1.6.1",
      "resolved": "https://registry.npmjs.org/bad-words/-/bad-words-1.6.1.tgz",
      "integrity": "sha1-BkgwIZUanYD7X8qi8Nmh51p0W1A=",
      "requires": {
        "badwords-list": "^1.0.0"
      }
    },
    "badwords-list": {
      "version": "1.0.0",
      "resolved": "https://registry.npmjs.org/badwords-list/-/badwords-list-1.0.0.tgz",
      "integrity": "sha1-XphW2/E0gqKVw7CzBK+51M/FxXk="
    },
    "nanoid": {
      "version": "1.1.0",
      "resolved": "https://registry.npmjs.org/nanoid/-/nanoid-1.1.0.tgz",
      "integrity": "sha512-iOCqgXieGrk8/wDt1n9rZS2KB1dYVssemY0NTWjfzVr+1t1gAmdTp1u2+YHppKro3Bk5S+Gs+xmYCfpuXauYXQ=="
    }
  }
}
